
Microsoft Visual Studio Solution File, Format Version 12.00
# Visual Studio Version 16
VisualStudioVersion = 16.0.30717.126
MinimumVisualStudioVersion = 10.0.40219.1
Project("{FAE04EC0-301F-11D3-BF4B-00C04F79EFBC}") = "PawApi", "PawApi\PawApi.csproj", "{8391E22F-791A-4690-8DDE-507514730F73}"
EndProject
Global
	GlobalSection(SolutionConfigurationPlatforms) = preSolution
		Debug|Any CPU = Debug|Any CPU
		Release|Any CPU = Release|Any CPU
	EndGlobalSection
	GlobalSection(ProjectConfigurationPlatforms) = postSolution
		{8391E22F-791A-4690-8DDE-507514730F73}.Debug|Any CPU.ActiveCfg = Debug|Any CPU
		{8391E22F-791A-4690-8DDE-507514730F73}.Debug|Any CPU.Build.0 = Debug|Any CPU
		{8391E22F-791A-4690-8DDE-507514730F73}.Release|Any CPU.ActiveCfg = Release|Any CPU
		{8391E22F-791A-4690-8DDE-507514730F73}.Release|Any CPU.Build.0 = Release|Any CPU
	EndGlobalSection
	GlobalSection(SolutionProperties) = preSolution
		HideSolutionNode = FALSE
	EndGlobalSection
	GlobalSection(ExtensibilityGlobals) = postSolution
		SolutionGuid = {82275FB4-3E91-4476-9758-8587DEAAB6C3}
	EndGlobalSection
EndGlobal
